%{"cowboy": {:git, "https://github.com/ninenines/cowboy.git", "dbb636034f20736e16eb9d6c809217c9525b6cbd", [tag: "2.0.0-pre.3"]},
  "cowlib": {:git, "https://github.com/ninenines/cowlib", "8e6d0f462850a90bd8a60995f52027839288d038", [ref: "master"]},
  "ranch": {:git, "https://github.com/ninenines/ranch", "741bfb73ca663394ecf7a73410506d66f01985a6", [ref: "1.1.0"]}}
